
Microsoft Visual Studio Solution File, Format Version 12.00
Project("{FAE04EC0-301F-11D3-BF4B-00C04F79EFBC}") = "RentalManagementApp", "RentalManagementApp\RentalManagementApp.csproj", "{BE64A122-50BC-4A5E-B520-CF27057364D7}"
EndProject
Project("{FAE04EC0-301F-11D3-BF4B-00C04F79EFBC}") = "RentalManagementApp.Tests", "RentalManagementApp.Tests\RentalManagementApp.Tests.csproj", "{40F6500E-D1E3-472B-BFAB-8A8E6921108F}"
EndProject
Global
	GlobalSection(SolutionConfigurationPlatforms) = preSolution
		Debug|Any CPU = Debug|Any CPU
		Debug|x64 = Debug|x64
		Debug|x86 = Debug|x86
		Release|Any CPU = Release|Any CPU
		Release|x64 = Release|x64
		Release|x86 = Release|x86
	EndGlobalSection
	GlobalSection(ProjectConfigurationPlatforms) = postSolution
		{BE64A122-50BC-4A5E-B520-CF27057364D7}.Debug|Any CPU.ActiveCfg = Debug|Any CPU
		{BE64A122-50BC-4A5E-B520-CF27057364D7}.Debug|Any CPU.Build.0 = Debug|Any CPU
		{BE64A122-50BC-4A5E-B520-CF27057364D7}.Debug|x64.ActiveCfg = Debug|Any CPU
		{BE64A122-50BC-4A5E-B520-CF27057364D7}.Debug|x64.Build.0 = Debug|Any CPU
		{BE64A122-50BC-4A5E-B520-CF27057364D7}.Debug|x86.ActiveCfg = Debug|Any CPU
		{BE64A122-50BC-4A5E-B520-CF27057364D7}.Debug|x86.Build.0 = Debug|Any CPU
		{BE64A122-50BC-4A5E-B520-CF27057364D7}.Release|Any CPU.ActiveCfg = Release|Any CPU
		{BE64A122-50BC-4A5E-B520-CF27057364D7}.Release|Any CPU.Build.0 = Release|Any CPU
		{BE64A122-50BC-4A5E-B520-CF27057364D7}.Release|x64.ActiveCfg = Release|Any CPU
		{BE64A122-50BC-4A5E-B520-CF27057364D7}.Release|x64.Build.0 = Release|Any CPU
		{BE64A122-50BC-4A5E-B520-CF27057364D7}.Release|x86.ActiveCfg = Release|Any CPU
		{BE64A122-50BC-4A5E-B520-CF27057364D7}.Release|x86.Build.0 = Release|Any CPU
		{40F6500E-D1E3-472B-BFAB-8A8E6921108F}.Debug|Any CPU.ActiveCfg = Debug|Any CPU
		{40F6500E-D1E3-472B-BFAB-8A8E6921108F}.Debug|Any CPU.Build.0 = Debug|Any CPU
		{40F6500E-D1E3-472B-BFAB-8A8E6921108F}.Debug|x64.ActiveCfg = Debug|Any CPU
		{40F6500E-D1E3-472B-BFAB-8A8E6921108F}.Debug|x64.Build.0 = Debug|Any CPU
		{40F6500E-D1E3-472B-BFAB-8A8E6921108F}.Debug|x86.ActiveCfg = Debug|Any CPU
		{40F6500E-D1E3-472B-BFAB-8A8E6921108F}.Debug|x86.Build.0 = Debug|Any CPU
		{40F6500E-D1E3-472B-BFAB-8A8E6921108F}.Release|Any CPU.ActiveCfg = Release|Any CPU
		{40F6500E-D1E3-472B-BFAB-8A8E6921108F}.Release|Any CPU.Build.0 = Release|Any CPU
		{40F6500E-D1E3-472B-BFAB-8A8E6921108F}.Release|x64.ActiveCfg = Release|Any CPU
		{40F6500E-D1E3-472B-BFAB-8A8E6921108F}.Release|x64.Build.0 = Release|Any CPU
		{40F6500E-D1E3-472B-BFAB-8A8E6921108F}.Release|x86.ActiveCfg = Release|Any CPU
		{40F6500E-D1E3-472B-BFAB-8A8E6921108F}.Release|x86.Build.0 = Release|Any CPU
	EndGlobalSection
	GlobalSection(SolutionProperties) = preSolution
		HideSolutionNode = FALSE
	EndGlobalSection
EndGlobal
